
Microsoft Visual Studio Solution File, Format Version 12.00
# Visual Studio Version 17
VisualStudioVersion = 17.14.36301.6
MinimumVisualStudioVersion = 10.0.40219.1
Project("{FAE04EC0-301F-11D3-BF4B-00C04F79EFBC}") = "cadastro.Client", "cadastro.Client\cadastro.Client.csproj", "{965FF6CE-9BAD-46E2-B9EC-8DE7E4E1C354}"
EndProject
Project("{FAE04EC0-301F-11D3-BF4B-00C04F79EFBC}") = "cadastro.chamado", "..\cadastro.chamado\cadastro.chamado\cadastro.chamado.csproj", "{13D10EFE-5342-3A44-17B3-7B7F8DD5E85C}"
EndProject
Project("{FAE04EC0-301F-11D3-BF4B-00C04F79EFBC}") = "cadastro.Shared", "cadastro.Shared\cadastro.Shared.csproj", "{DE4635F2-D8FE-4BD8-8CE5-542BA53150F0}"
EndProject
Global
	GlobalSection(SolutionConfigurationPlatforms) = preSolution
		Debug|Any CPU = Debug|Any CPU
		Release|Any CPU = Release|Any CPU
	EndGlobalSection
	GlobalSection(ProjectConfigurationPlatforms) = postSolution
		{965FF6CE-9BAD-46E2-B9EC-8DE7E4E1C354}.Debug|Any CPU.ActiveCfg = Debug|Any CPU
		{965FF6CE-9BAD-46E2-B9EC-8DE7E4E1C354}.Debug|Any CPU.Build.0 = Debug|Any CPU
		{965FF6CE-9BAD-46E2-B9EC-8DE7E4E1C354}.Release|Any CPU.ActiveCfg = Release|Any CPU
		{965FF6CE-9BAD-46E2-B9EC-8DE7E4E1C354}.Release|Any CPU.Build.0 = Release|Any CPU
		{13D10EFE-5342-3A44-17B3-7B7F8DD5E85C}.Debug|Any CPU.ActiveCfg = Debug|Any CPU
		{13D10EFE-5342-3A44-17B3-7B7F8DD5E85C}.Debug|Any CPU.Build.0 = Debug|Any CPU
		{13D10EFE-5342-3A44-17B3-7B7F8DD5E85C}.Release|Any CPU.ActiveCfg = Release|Any CPU
		{13D10EFE-5342-3A44-17B3-7B7F8DD5E85C}.Release|Any CPU.Build.0 = Release|Any CPU
		{DE4635F2-D8FE-4BD8-8CE5-542BA53150F0}.Debug|Any CPU.ActiveCfg = Debug|Any CPU
		{DE4635F2-D8FE-4BD8-8CE5-542BA53150F0}.Debug|Any CPU.Build.0 = Debug|Any CPU
		{DE4635F2-D8FE-4BD8-8CE5-542BA53150F0}.Release|Any CPU.ActiveCfg = Release|Any CPU
		{DE4635F2-D8FE-4BD8-8CE5-542BA53150F0}.Release|Any CPU.Build.0 = Release|Any CPU
	EndGlobalSection
	GlobalSection(SolutionProperties) = preSolution
		HideSolutionNode = FALSE
	EndGlobalSection
	GlobalSection(ExtensibilityGlobals) = postSolution
		SolutionGuid = {C48260EB-5DCA-45D9-824D-90CB36D45273}
	EndGlobalSection
EndGlobal
